
Microsoft Visual Studio Solution File, Format Version 12.00
# Visual Studio Version 17
VisualStudioVersion = 17.14.36616.10
MinimumVisualStudioVersion = 10.0.40219.1
Project("{FAE04EC0-301F-11D3-BF4B-00C04F79EFBC}") = "PgValidator", "PgValidator\PgValidator.csproj", "{AFD0589E-6258-4050-9E7B-3FB0CEBCED30}"
EndProject
Project("{FAE04EC0-301F-11D3-BF4B-00C04F79EFBC}") = "pgv", "pgv\pgv.csproj", "{174570DF-9781-4FDE-BB5C-5636A341F2E8}"
EndProject
Project("{FAE04EC0-301F-11D3-BF4B-00C04F79EFBC}") = "PgValidator.Tests", "PgValidator.Tests\PgValidator.Tests.csproj", "{A4262B00-BACD-48F8-90A1-E5677D77C908}"
EndProject
Global
	GlobalSection(SolutionConfigurationPlatforms) = preSolution
		Debug|Any CPU = Debug|Any CPU
		Release|Any CPU = Release|Any CPU
	EndGlobalSection
	GlobalSection(ProjectConfigurationPlatforms) = postSolution
		{AFD0589E-6258-4050-9E7B-3FB0CEBCED30}.Debug|Any CPU.ActiveCfg = Debug|Any CPU
		{AFD0589E-6258-4050-9E7B-3FB0CEBCED30}.Debug|Any CPU.Build.0 = Debug|Any CPU
		{AFD0589E-6258-4050-9E7B-3FB0CEBCED30}.Release|Any CPU.ActiveCfg = Release|Any CPU
		{AFD0589E-6258-4050-9E7B-3FB0CEBCED30}.Release|Any CPU.Build.0 = Release|Any CPU
		{174570DF-9781-4FDE-BB5C-5636A341F2E8}.Debug|Any CPU.ActiveCfg = Debug|Any CPU
		{174570DF-9781-4FDE-BB5C-5636A341F2E8}.Debug|Any CPU.Build.0 = Debug|Any CPU
		{174570DF-9781-4FDE-BB5C-5636A341F2E8}.Release|Any CPU.ActiveCfg = Release|Any CPU
		{174570DF-9781-4FDE-BB5C-5636A341F2E8}.Release|Any CPU.Build.0 = Release|Any CPU
		{A4262B00-BACD-48F8-90A1-E5677D77C908}.Debug|Any CPU.ActiveCfg = Debug|Any CPU
		{A4262B00-BACD-48F8-90A1-E5677D77C908}.Debug|Any CPU.Build.0 = Debug|Any CPU
		{A4262B00-BACD-48F8-90A1-E5677D77C908}.Release|Any CPU.ActiveCfg = Release|Any CPU
		{A4262B00-BACD-48F8-90A1-E5677D77C908}.Release|Any CPU.Build.0 = Release|Any CPU
	EndGlobalSection
	GlobalSection(SolutionProperties) = preSolution
		HideSolutionNode = FALSE
	EndGlobalSection
	GlobalSection(ExtensibilityGlobals) = postSolution
		SolutionGuid = {A16A395E-FE12-43F5-9750-2BA217BF66ED}
	EndGlobalSection
EndGlobal
